
Microsoft Visual Studio Solution File, Format Version 12.00
# Visual Studio Version 17
VisualStudioVersion = 17.14.36401.2 d17.14
MinimumVisualStudioVersion = 10.0.40219.1
Project("{FAE04EC0-301F-11D3-BF4B-00C04F79EFBC}") = "IPTMidtermexam", "IPTMidtermexam\IPTMidtermexam.csproj", "{4D15BB55-9B6C-437E-8639-62D27732E76D}"
EndProject
Global
	GlobalSection(SolutionConfigurationPlatforms) = preSolution
		Debug|Any CPU = Debug|Any CPU
		Release|Any CPU = Release|Any CPU
	EndGlobalSection
	GlobalSection(ProjectConfigurationPlatforms) = postSolution
		{4D15BB55-9B6C-437E-8639-62D27732E76D}.Debug|Any CPU.ActiveCfg = Debug|Any CPU
		{4D15BB55-9B6C-437E-8639-62D27732E76D}.Debug|Any CPU.Build.0 = Debug|Any CPU
		{4D15BB55-9B6C-437E-8639-62D27732E76D}.Release|Any CPU.ActiveCfg = Release|Any CPU
		{4D15BB55-9B6C-437E-8639-62D27732E76D}.Release|Any CPU.Build.0 = Release|Any CPU
	EndGlobalSection
	GlobalSection(SolutionProperties) = preSolution
		HideSolutionNode = FALSE
	EndGlobalSection
	GlobalSection(ExtensibilityGlobals) = postSolution
		SolutionGuid = {2DFFAD93-09F8-4165-8695-EB3A29F76905}
	EndGlobalSection
EndGlobal
